
Microsoft Visual Studio Solution File, Format Version 12.00
# Visual Studio 15
VisualStudioVersion = 15.0.27130.2010
MinimumVisualStudioVersion = 10.0.40219.1
Project("{FAE04EC0-301F-11D3-BF4B-00C04F79EFBC}") = "Server", "Server\Server.csproj", "{DB44CEBD-7C1B-4DBB-88E9-C487FD55B95F}"
EndProject
Project("{FAE04EC0-301F-11D3-BF4B-00C04F79EFBC}") = "Server.Data", "Server.Data\Server.Data.csproj", "{730B28A8-F726-44FA-B229-EA9879079639}"
EndProject
Project("{FAE04EC0-301F-11D3-BF4B-00C04F79EFBC}") = "Server.Models", "Server.Models\Server.Models.csproj", "{262CD88A-A870-475A-9675-371D66631597}"
EndProject
Project("{FAE04EC0-301F-11D3-BF4B-00C04F79EFBC}") = "Server.Abstractions", "Server.Abstractions\Server.Abstractions.csproj", "{DCD05AB1-8734-4922-8058-6AAACACC4495}"
EndProject
Project("{FAE04EC0-301F-11D3-BF4B-00C04F79EFBC}") = "Server.BusinessLogic", "Server.BusinessLogic\Server.BusinessLogic.csproj", "{A93B549D-79E6-4398-A572-EA4A376692F7}"
EndProject
Global
	GlobalSection(SolutionConfigurationPlatforms) = preSolution
		Debug|Any CPU = Debug|Any CPU
		Release|Any CPU = Release|Any CPU
	EndGlobalSection
	GlobalSection(ProjectConfigurationPlatforms) = postSolution
		{DB44CEBD-7C1B-4DBB-88E9-C487FD55B95F}.Debug|Any CPU.ActiveCfg = Debug|Any CPU
		{DB44CEBD-7C1B-4DBB-88E9-C487FD55B95F}.Debug|Any CPU.Build.0 = Debug|Any CPU
		{DB44CEBD-7C1B-4DBB-88E9-C487FD55B95F}.Release|Any CPU.ActiveCfg = Release|Any CPU
		{DB44CEBD-7C1B-4DBB-88E9-C487FD55B95F}.Release|Any CPU.Build.0 = Release|Any CPU
		{730B28A8-F726-44FA-B229-EA9879079639}.Debug|Any CPU.ActiveCfg = Debug|Any CPU
		{730B28A8-F726-44FA-B229-EA9879079639}.Debug|Any CPU.Build.0 = Debug|Any CPU
		{730B28A8-F726-44FA-B229-EA9879079639}.Release|Any CPU.ActiveCfg = Release|Any CPU
		{730B28A8-F726-44FA-B229-EA9879079639}.Release|Any CPU.Build.0 = Release|Any CPU
		{262CD88A-A870-475A-9675-371D66631597}.Debug|Any CPU.ActiveCfg = Debug|Any CPU
		{262CD88A-A870-475A-9675-371D66631597}.Debug|Any CPU.Build.0 = Debug|Any CPU
		{262CD88A-A870-475A-9675-371D66631597}.Release|Any CPU.ActiveCfg = Release|Any CPU
		{262CD88A-A870-475A-9675-371D66631597}.Release|Any CPU.Build.0 = Release|Any CPU
		{DCD05AB1-8734-4922-8058-6AAACACC4495}.Debug|Any CPU.ActiveCfg = Debug|Any CPU
		{DCD05AB1-8734-4922-8058-6AAACACC4495}.Debug|Any CPU.Build.0 = Debug|Any CPU
		{DCD05AB1-8734-4922-8058-6AAACACC4495}.Release|Any CPU.ActiveCfg = Release|Any CPU
		{DCD05AB1-8734-4922-8058-6AAACACC4495}.Release|Any CPU.Build.0 = Release|Any CPU
		{A93B549D-79E6-4398-A572-EA4A376692F7}.Debug|Any CPU.ActiveCfg = Debug|Any CPU
		{A93B549D-79E6-4398-A572-EA4A376692F7}.Debug|Any CPU.Build.0 = Debug|Any CPU
		{A93B549D-79E6-4398-A572-EA4A376692F7}.Release|Any CPU.ActiveCfg = Release|Any CPU
		{A93B549D-79E6-4398-A572-EA4A376692F7}.Release|Any CPU.Build.0 = Release|Any CPU
	EndGlobalSection
	GlobalSection(SolutionProperties) = preSolution
		HideSolutionNode = FALSE
	EndGlobalSection
	GlobalSection(ExtensibilityGlobals) = postSolution
		SolutionGuid = {0DA81C38-9B41-4F0D-9FCB-B4FF02D01E54}
	EndGlobalSection
EndGlobal
